
Microsoft Visual Studio Solution File, Format Version 12.00
# Visual Studio Version 16
VisualStudioVersion = 16.0.31624.102
MinimumVisualStudioVersion = 10.0.40219.1
Project("{FAE04EC0-301F-11D3-BF4B-00C04F79EFBC}") = "ТП1_(2)", "ТП1_(2)\ТП1_(2).csproj", "{386B71A6-2D35-41FC-AD3D-39D82987450A}"
EndProject
Global
	GlobalSection(SolutionConfigurationPlatforms) = preSolution
		Debug|Any CPU = Debug|Any CPU
		Release|Any CPU = Release|Any CPU
	EndGlobalSection
	GlobalSection(ProjectConfigurationPlatforms) = postSolution
		{386B71A6-2D35-41FC-AD3D-39D82987450A}.Debug|Any CPU.ActiveCfg = Debug|Any CPU
		{386B71A6-2D35-41FC-AD3D-39D82987450A}.Debug|Any CPU.Build.0 = Debug|Any CPU
		{386B71A6-2D35-41FC-AD3D-39D82987450A}.Release|Any CPU.ActiveCfg = Release|Any CPU
		{386B71A6-2D35-41FC-AD3D-39D82987450A}.Release|Any CPU.Build.0 = Release|Any CPU
	EndGlobalSection
	GlobalSection(SolutionProperties) = preSolution
		HideSolutionNode = FALSE
	EndGlobalSection
	GlobalSection(ExtensibilityGlobals) = postSolution
		SolutionGuid = {821DD99D-1F28-4D10-9F7A-5CEC7E281D10}
	EndGlobalSection
EndGlobal
